
Microsoft Visual Studio Solution File, Format Version 12.00
# Visual Studio Version 17
VisualStudioVersion = 17.4.33205.214
MinimumVisualStudioVersion = 10.0.40219.1
Project("{FAE04EC0-301F-11D3-BF4B-00C04F79EFBC}") = "Treino_Envio_Email", "Treino_Envio_Email\Treino_Envio_Email.csproj", "{67F56DA3-7A49-4003-B7D0-EEC8032E2EF7}"
EndProject
Global
	GlobalSection(SolutionConfigurationPlatforms) = preSolution
		Debug|Any CPU = Debug|Any CPU
		Release|Any CPU = Release|Any CPU
	EndGlobalSection
	GlobalSection(ProjectConfigurationPlatforms) = postSolution
		{67F56DA3-7A49-4003-B7D0-EEC8032E2EF7}.Debug|Any CPU.ActiveCfg = Debug|Any CPU
		{67F56DA3-7A49-4003-B7D0-EEC8032E2EF7}.Debug|Any CPU.Build.0 = Debug|Any CPU
		{67F56DA3-7A49-4003-B7D0-EEC8032E2EF7}.Release|Any CPU.ActiveCfg = Release|Any CPU
		{67F56DA3-7A49-4003-B7D0-EEC8032E2EF7}.Release|Any CPU.Build.0 = Release|Any CPU
	EndGlobalSection
	GlobalSection(SolutionProperties) = preSolution
		HideSolutionNode = FALSE
	EndGlobalSection
	GlobalSection(ExtensibilityGlobals) = postSolution
		SolutionGuid = {367AEDF5-43D4-4148-8CA7-FF8F7AA22229}
	EndGlobalSection
EndGlobal
